
Microsoft Visual Studio Solution File, Format Version 12.00
Project("{FAE04EC0-301F-11D3-BF4B-00C04F79EFBC}") = "TutoJwt", "TutoJwt\TutoJwt.csproj", "{DD631A8A-C354-48FC-8352-964B6BA5278F}"
EndProject
Global
	GlobalSection(SolutionConfigurationPlatforms) = preSolution
		Debug|Any CPU = Debug|Any CPU
		Release|Any CPU = Release|Any CPU
	EndGlobalSection
	GlobalSection(ProjectConfigurationPlatforms) = postSolution
		{DD631A8A-C354-48FC-8352-964B6BA5278F}.Debug|Any CPU.ActiveCfg = Debug|Any CPU
		{DD631A8A-C354-48FC-8352-964B6BA5278F}.Debug|Any CPU.Build.0 = Debug|Any CPU
		{DD631A8A-C354-48FC-8352-964B6BA5278F}.Release|Any CPU.ActiveCfg = Release|Any CPU
		{DD631A8A-C354-48FC-8352-964B6BA5278F}.Release|Any CPU.Build.0 = Release|Any CPU
	EndGlobalSection
EndGlobal
